
Microsoft Visual Studio Solution File, Format Version 12.00
# Visual Studio Version 17
VisualStudioVersion = 17.9.34607.119
MinimumVisualStudioVersion = 10.0.40219.1
Project("{FAE04EC0-301F-11D3-BF4B-00C04F79EFBC}") = "proyectoGabineteAbogados", "proyectoGabineteAbogados\proyectoGabineteAbogados.csproj", "{A94BB765-3225-467D-BEFA-15C0A5EBB3AF}"
EndProject
Project("{2150E333-8FDC-42A3-9474-1A3956D46DE8}") = "Query", "Query", "{376BCBD5-DE2A-4864-90E6-B631D2152134}"
	ProjectSection(SolutionItems) = preProject
		..\Query\SQLQuery1NuevasTablasCliente Asunto.sql = ..\Query\SQLQuery1NuevasTablasCliente Asunto.sql
	EndProjectSection
EndProject
Global
	GlobalSection(SolutionConfigurationPlatforms) = preSolution
		Debug|Any CPU = Debug|Any CPU
		Release|Any CPU = Release|Any CPU
	EndGlobalSection
	GlobalSection(ProjectConfigurationPlatforms) = postSolution
		{A94BB765-3225-467D-BEFA-15C0A5EBB3AF}.Debug|Any CPU.ActiveCfg = Debug|Any CPU
		{A94BB765-3225-467D-BEFA-15C0A5EBB3AF}.Debug|Any CPU.Build.0 = Debug|Any CPU
		{A94BB765-3225-467D-BEFA-15C0A5EBB3AF}.Release|Any CPU.ActiveCfg = Release|Any CPU
		{A94BB765-3225-467D-BEFA-15C0A5EBB3AF}.Release|Any CPU.Build.0 = Release|Any CPU
	EndGlobalSection
	GlobalSection(SolutionProperties) = preSolution
		HideSolutionNode = FALSE
	EndGlobalSection
	GlobalSection(ExtensibilityGlobals) = postSolution
		SolutionGuid = {821879A5-F8DC-488C-B628-4CE8F1FBFAAA}
	EndGlobalSection
EndGlobal
